
Microsoft Visual Studio Solution File, Format Version 12.00
# Visual Studio Version 17
VisualStudioVersion = 17.2.32630.192
MinimumVisualStudioVersion = 10.0.40219.1
Project("{2150E333-8FDC-42A3-9474-1A3956D46DE8}") = "src", "src", "{495E5A84-0FC5-4474-AF9D-14EEDD6D8916}"
EndProject
Project("{2150E333-8FDC-42A3-9474-1A3956D46DE8}") = "Api", "Api", "{134BE50C-F1F3-42EA-BA45-FD322223876A}"
EndProject
Project("{2150E333-8FDC-42A3-9474-1A3956D46DE8}") = "Clients", "Clients", "{54BB9C3E-D730-4AC5-8188-020487B16D85}"
EndProject
Project("{2150E333-8FDC-42A3-9474-1A3956D46DE8}") = "Common", "Common", "{A01931D9-080C-4714-9DB8-43337E72CF4A}"
EndProject
Project("{2150E333-8FDC-42A3-9474-1A3956D46DE8}") = "Projections", "Projections", "{19880AF5-B3C1-4068-85BF-CD7C95E17877}"
EndProject
Project("{2150E333-8FDC-42A3-9474-1A3956D46DE8}") = "Core", "Core", "{3E1F374E-252A-45C6-ABB6-23C8ED3A3807}"
EndProject
Project("{2150E333-8FDC-42A3-9474-1A3956D46DE8}") = "Infrastructure", "Infrastructure", "{DF565D99-56B3-4E37-BBC9-7BD41F48CC99}"
EndProject
Project("{2150E333-8FDC-42A3-9474-1A3956D46DE8}") = "WebApi", "WebApi", "{AB736973-DB1C-4477-8DBF-8658E803F664}"
EndProject
Project("{2150E333-8FDC-42A3-9474-1A3956D46DE8}") = "BlazorWeb", "BlazorWeb", "{4CD4B5CC-2791-409E-B5C5-BF73387162A2}"
EndProject
Project("{9A19103F-16F7-4668-BE54-9A1E7A4F7556}") = "BlazorSozluk.Common", "src\Common\BlazorSozluk.Common\BlazorSozluk.Common.csproj", "{938094D0-75BB-4288-B558-E1326FB11EA2}"
EndProject
Project("{FAE04EC0-301F-11D3-BF4B-00C04F79EFBC}") = "BlazorSozluk.Api.Domain", "src\Api\Core\BlazorSozluk.Api.Domain\BlazorSozluk.Api.Domain.csproj", "{6E3B88B0-9D13-42E8-BB94-7B2BAD2694D1}"
EndProject
Project("{FAE04EC0-301F-11D3-BF4B-00C04F79EFBC}") = "BlazorSozluk.Api.Application", "src\Api\Core\BlazorSozluk.Api.Application\BlazorSozluk.Api.Application.csproj", "{BFBA14EA-2A89-46F1-B7AB-7B76CBB2F5C6}"
EndProject
Project("{FAE04EC0-301F-11D3-BF4B-00C04F79EFBC}") = "BlazorSozluk.Infrastructure.Persistence", "src\Api\Infrastructure\BlazorSozluk.Infrastructure.Persistence\BlazorSozluk.Infrastructure.Persistence.csproj", "{781D372E-2F82-42BD-8E3C-05F6D8079FCA}"
EndProject
Project("{FAE04EC0-301F-11D3-BF4B-00C04F79EFBC}") = "BlazorSozluk.Api.WebApi", "src\Api\WebApi\BlazorSozluk.Api.WebApi\BlazorSozluk.Api.WebApi.csproj", "{6F0811F9-E801-4958-827A-E6DE9372789C}"
EndProject
Project("{FAE04EC0-301F-11D3-BF4B-00C04F79EFBC}") = "BlazorSozluk.Projections.FavoriteWorkerService", "src\Projections\BlazorSozluk.Projections.FavoriteWorkerService\BlazorSozluk.Projections.FavoriteWorkerService.csproj", "{8C945DDB-415B-43F8-BBA1-0C8EDF7456B6}"
EndProject
Project("{FAE04EC0-301F-11D3-BF4B-00C04F79EFBC}") = "BlazorSozluk.Projections.UserService", "src\Projections\BlazorSozluk.Projections.User\BlazorSozluk.Projections.UserService.csproj", "{D78E93AB-9700-459F-AC73-46289B102598}"
EndProject
Project("{FAE04EC0-301F-11D3-BF4B-00C04F79EFBC}") = "BlazorSozluk.Projections.VoteService", "src\Projections\BlazorSozluk.Projections.VoteService\BlazorSozluk.Projections.VoteService.csproj", "{E8DA2EBB-F900-4F87-AB31-A1FEDC3A1AD0}"
EndProject
Project("{FAE04EC0-301F-11D3-BF4B-00C04F79EFBC}") = "BlazorSozluk.WebApp", "src\Clients\BlazorWeb\BlazorSozluk.WebApp\BlazorSozluk.WebApp.csproj", "{E940CE39-859D-4BD6-B605-5A8578E777DA}"
EndProject
Global
	GlobalSection(SolutionConfigurationPlatforms) = preSolution
		Debug|Any CPU = Debug|Any CPU
		Release|Any CPU = Release|Any CPU
	EndGlobalSection
	GlobalSection(ProjectConfigurationPlatforms) = postSolution
		{938094D0-75BB-4288-B558-E1326FB11EA2}.Debug|Any CPU.ActiveCfg = Debug|Any CPU
		{938094D0-75BB-4288-B558-E1326FB11EA2}.Debug|Any CPU.Build.0 = Debug|Any CPU
		{938094D0-75BB-4288-B558-E1326FB11EA2}.Release|Any CPU.ActiveCfg = Release|Any CPU
		{938094D0-75BB-4288-B558-E1326FB11EA2}.Release|Any CPU.Build.0 = Release|Any CPU
		{6E3B88B0-9D13-42E8-BB94-7B2BAD2694D1}.Debug|Any CPU.ActiveCfg = Debug|Any CPU
		{6E3B88B0-9D13-42E8-BB94-7B2BAD2694D1}.Debug|Any CPU.Build.0 = Debug|Any CPU
		{6E3B88B0-9D13-42E8-BB94-7B2BAD2694D1}.Release|Any CPU.ActiveCfg = Release|Any CPU
		{6E3B88B0-9D13-42E8-BB94-7B2BAD2694D1}.Release|Any CPU.Build.0 = Release|Any CPU
		{BFBA14EA-2A89-46F1-B7AB-7B76CBB2F5C6}.Debug|Any CPU.ActiveCfg = Debug|Any CPU
		{BFBA14EA-2A89-46F1-B7AB-7B76CBB2F5C6}.Debug|Any CPU.Build.0 = Debug|Any CPU
		{BFBA14EA-2A89-46F1-B7AB-7B76CBB2F5C6}.Release|Any CPU.ActiveCfg = Release|Any CPU
		{BFBA14EA-2A89-46F1-B7AB-7B76CBB2F5C6}.Release|Any CPU.Build.0 = Release|Any CPU
		{781D372E-2F82-42BD-8E3C-05F6D8079FCA}.Debug|Any CPU.ActiveCfg = Debug|Any CPU
		{781D372E-2F82-42BD-8E3C-05F6D8079FCA}.Debug|Any CPU.Build.0 = Debug|Any CPU
		{781D372E-2F82-42BD-8E3C-05F6D8079FCA}.Release|Any CPU.ActiveCfg = Release|Any CPU
		{781D372E-2F82-42BD-8E3C-05F6D8079FCA}.Release|Any CPU.Build.0 = Release|Any CPU
		{6F0811F9-E801-4958-827A-E6DE9372789C}.Debug|Any CPU.ActiveCfg = Debug|Any CPU
		{6F0811F9-E801-4958-827A-E6DE9372789C}.Debug|Any CPU.Build.0 = Debug|Any CPU
		{6F0811F9-E801-4958-827A-E6DE9372789C}.Release|Any CPU.ActiveCfg = Release|Any CPU
		{6F0811F9-E801-4958-827A-E6DE9372789C}.Release|Any CPU.Build.0 = Release|Any CPU
		{8C945DDB-415B-43F8-BBA1-0C8EDF7456B6}.Debug|Any CPU.ActiveCfg = Debug|Any CPU
		{8C945DDB-415B-43F8-BBA1-0C8EDF7456B6}.Debug|Any CPU.Build.0 = Debug|Any CPU
		{8C945DDB-415B-43F8-BBA1-0C8EDF7456B6}.Release|Any CPU.ActiveCfg = Release|Any CPU
		{8C945DDB-415B-43F8-BBA1-0C8EDF7456B6}.Release|Any CPU.Build.0 = Release|Any CPU
		{D78E93AB-9700-459F-AC73-46289B102598}.Debug|Any CPU.ActiveCfg = Debug|Any CPU
		{D78E93AB-9700-459F-AC73-46289B102598}.Debug|Any CPU.Build.0 = Debug|Any CPU
		{D78E93AB-9700-459F-AC73-46289B102598}.Release|Any CPU.ActiveCfg = Release|Any CPU
		{D78E93AB-9700-459F-AC73-46289B102598}.Release|Any CPU.Build.0 = Release|Any CPU
		{E8DA2EBB-F900-4F87-AB31-A1FEDC3A1AD0}.Debug|Any CPU.ActiveCfg = Debug|Any CPU
		{E8DA2EBB-F900-4F87-AB31-A1FEDC3A1AD0}.Debug|Any CPU.Build.0 = Debug|Any CPU
		{E8DA2EBB-F900-4F87-AB31-A1FEDC3A1AD0}.Release|Any CPU.ActiveCfg = Release|Any CPU
		{E8DA2EBB-F900-4F87-AB31-A1FEDC3A1AD0}.Release|Any CPU.Build.0 = Release|Any CPU
		{E940CE39-859D-4BD6-B605-5A8578E777DA}.Debug|Any CPU.ActiveCfg = Debug|Any CPU
		{E940CE39-859D-4BD6-B605-5A8578E777DA}.Debug|Any CPU.Build.0 = Debug|Any CPU
		{E940CE39-859D-4BD6-B605-5A8578E777DA}.Release|Any CPU.ActiveCfg = Release|Any CPU
		{E940CE39-859D-4BD6-B605-5A8578E777DA}.Release|Any CPU.Build.0 = Release|Any CPU
	EndGlobalSection
	GlobalSection(SolutionProperties) = preSolution
		HideSolutionNode = FALSE
	EndGlobalSection
	GlobalSection(NestedProjects) = preSolution
		{134BE50C-F1F3-42EA-BA45-FD322223876A} = {495E5A84-0FC5-4474-AF9D-14EEDD6D8916}
		{54BB9C3E-D730-4AC5-8188-020487B16D85} = {495E5A84-0FC5-4474-AF9D-14EEDD6D8916}
		{A01931D9-080C-4714-9DB8-43337E72CF4A} = {495E5A84-0FC5-4474-AF9D-14EEDD6D8916}
		{19880AF5-B3C1-4068-85BF-CD7C95E17877} = {495E5A84-0FC5-4474-AF9D-14EEDD6D8916}
		{3E1F374E-252A-45C6-ABB6-23C8ED3A3807} = {134BE50C-F1F3-42EA-BA45-FD322223876A}
		{DF565D99-56B3-4E37-BBC9-7BD41F48CC99} = {134BE50C-F1F3-42EA-BA45-FD322223876A}
		{AB736973-DB1C-4477-8DBF-8658E803F664} = {134BE50C-F1F3-42EA-BA45-FD322223876A}
		{4CD4B5CC-2791-409E-B5C5-BF73387162A2} = {54BB9C3E-D730-4AC5-8188-020487B16D85}
		{938094D0-75BB-4288-B558-E1326FB11EA2} = {A01931D9-080C-4714-9DB8-43337E72CF4A}
		{6E3B88B0-9D13-42E8-BB94-7B2BAD2694D1} = {3E1F374E-252A-45C6-ABB6-23C8ED3A3807}
		{BFBA14EA-2A89-46F1-B7AB-7B76CBB2F5C6} = {3E1F374E-252A-45C6-ABB6-23C8ED3A3807}
		{781D372E-2F82-42BD-8E3C-05F6D8079FCA} = {DF565D99-56B3-4E37-BBC9-7BD41F48CC99}
		{6F0811F9-E801-4958-827A-E6DE9372789C} = {AB736973-DB1C-4477-8DBF-8658E803F664}
		{8C945DDB-415B-43F8-BBA1-0C8EDF7456B6} = {19880AF5-B3C1-4068-85BF-CD7C95E17877}
		{D78E93AB-9700-459F-AC73-46289B102598} = {19880AF5-B3C1-4068-85BF-CD7C95E17877}
		{E8DA2EBB-F900-4F87-AB31-A1FEDC3A1AD0} = {19880AF5-B3C1-4068-85BF-CD7C95E17877}
		{E940CE39-859D-4BD6-B605-5A8578E777DA} = {4CD4B5CC-2791-409E-B5C5-BF73387162A2}
	EndGlobalSection
	GlobalSection(ExtensibilityGlobals) = postSolution
		SolutionGuid = {07D42EFA-CFE9-489B-AC51-7BDA3F1CCB9C}
	EndGlobalSection
EndGlobal
